{
  "version": 4,
  "terraform_version": "0.14.4",
  "serial": 10,
  "lineage": "f3dd759c-9642-118c-1d40-0e900a15a99b",
  "outputs": {
    "public_ip_address": {
      "value": "188.34.192.148",
      "type": "string"
    }
  },
  "resources": [
    {
      "mode": "managed",
      "type": "hcloud_server",
      "name": "late-night-studio",
      "provider": "provider[\"registry.terraform.io/hetznercloud/hcloud\"]",
      "instances": [
        {
          "schema_version": 0,
          "attributes": {
            "backup_window": "",
            "backups": false,
            "datacenter": "nbg1-dc3",
            "id": "9586270",
            "image": "ubuntu-20.04",
            "ipv4_address": "188.34.192.148",
            "ipv6_address": "2a01:4f8:1c0c:5c0f::1",
            "ipv6_network": "2a01:4f8:1c0c:5c0f::/64",
            "iso": null,
            "keep_disk": false,
            "labels": null,
            "location": "nbg1",
            "name": "late-night-studio-instance",
            "network": [],
            "rescue": null,
            "server_type": "cx11",
            "ssh_keys": [
              "late-night-key"
            ],
            "status": "running",
            "user_data": null
          },
          "sensitive_attributes": [],
          "private": "bnVsbA=="
        }
      ]
    }
  ]
}
